
Microsoft Visual Studio Solution File, Format Version 12.00
# Visual Studio Version 16
VisualStudioVersion = 16.0.30128.74
MinimumVisualStudioVersion = 10.0.40219.1
Project("{FAE04EC0-301F-11D3-BF4B-00C04F79EFBC}") = "Teste", "Teste\Teste.csproj", "{32079375-ABEE-43DE-A402-5163D87C8E1F}"
EndProject
Global
	GlobalSection(SolutionConfigurationPlatforms) = preSolution
		Debug|Any CPU = Debug|Any CPU
		Release|Any CPU = Release|Any CPU
	EndGlobalSection
	GlobalSection(ProjectConfigurationPlatforms) = postSolution
		{32079375-ABEE-43DE-A402-5163D87C8E1F}.Debug|Any CPU.ActiveCfg = Debug|Any CPU
		{32079375-ABEE-43DE-A402-5163D87C8E1F}.Debug|Any CPU.Build.0 = Debug|Any CPU
		{32079375-ABEE-43DE-A402-5163D87C8E1F}.Release|Any CPU.ActiveCfg = Release|Any CPU
		{32079375-ABEE-43DE-A402-5163D87C8E1F}.Release|Any CPU.Build.0 = Release|Any CPU
	EndGlobalSection
	GlobalSection(SolutionProperties) = preSolution
		HideSolutionNode = FALSE
	EndGlobalSection
	GlobalSection(ExtensibilityGlobals) = postSolution
		SolutionGuid = {28A58F4A-391F-48FA-94F9-5C4D6568FB6B}
	EndGlobalSection
EndGlobal
